# This file is autogenerated, do not edit; changes may be undone by the next 'dep ensure'.


[[projects]]
  digest = "1:ad53d1f710522a38d1f0e5e0a55a194b1c6b2cd8e84313568e43523271f0cf62"
  name = "github.com/go-redis/redis"
  packages = [
    ".",
    "internal",
    "internal/consistenthash",
    "internal/hashtag",
    "internal/pool",
    "internal/proto",
    "internal/util",
  ]
  pruneopts = "UT"
  revision = "22be8a3eaf992c828cecb69dc07348313bf08d2e"
  version = "v6.15.1"

[[projects]]
  digest = "1:38ec74012390146c45af1f92d46e5382b50531247929ff3a685d2b2be65155ac"
  name = "github.com/gomodule/redigo"
  packages = [
    "internal",
    "redis",
  ]
  pruneopts = "UT"
  revision = "9c11da706d9b7902c6da69c592f75637793fe121"
  version = "v2.0.0"

[[projects]]
  digest = "1:582b704bebaa06b48c29b0cec224a6058a09c86883aaddabde889cd1a5f73e1b"
  name = "github.com/google/uuid"
  packages = ["."]
  pruneopts = "UT"
  revision = "0cd6bf5da1e1c83f8b45653022c74f71af0538a4"
  version = "v1.1.1"

[[projects]]
  digest = "1:ca59b1175189b3f0e9f1793d2c350114be36eaabbe5b9f554b35edee1de50aea"
  name = "github.com/gorilla/mux"
  packages = ["."]
  pruneopts = "UT"
  revision = "a7962380ca08b5a188038c69871b8d3fbdf31e89"
  version = "v1.7.0"

[[projects]]
  digest = "1:e478dfdf6164ff401d9a3261fae489e78565d7bdcad6c406d55c2461503ce8ba"
  name = "github.com/xyproto/pinterface"
  packages = ["."]
  pruneopts = "UT"
  revision = "9710ef24b6847f028ae78e63a001a56963bdc989"
  version = "v5.0.0"

[[projects]]
  digest = "1:447a3ee8a0687bd4b8b0e927456a0b957b8d67bbea82efe1cadd18cf5bd12fbe"
  name = "github.com/xyproto/simpleredis"
  packages = ["."]
  pruneopts = "UT"
  revision = "f2c3a2cf62d069ecdc9b49bd1512cefac318e33d"
  version = "v2.6.0"

[solve-meta]
  analyzer-name = "dep"
  analyzer-version = 1
  input-imports = [
    "github.com/go-redis/redis",
    "github.com/google/uuid",
    "github.com/gorilla/mux",
    "github.com/xyproto/simpleredis",
  ]
  solver-name = "gps-cdcl"
  solver-version = 1
